
Microsoft Visual Studio Solution File, Format Version 12.00
# Visual Studio Version 17
VisualStudioVersion = 17.9.34616.47
MinimumVisualStudioVersion = 10.0.40219.1
Project("{FAE04EC0-301F-11D3-BF4B-00C04F79EFBC}") = "WpfApp1", "WpfApp1\WpfApp1.csproj", "{01277130-3859-4075-86EC-F35B62981E71}"
EndProject
Global
	GlobalSection(SolutionConfigurationPlatforms) = preSolution
		Debug|Any CPU = Debug|Any CPU
		Release|Any CPU = Release|Any CPU
	EndGlobalSection
	GlobalSection(ProjectConfigurationPlatforms) = postSolution
		{01277130-3859-4075-86EC-F35B62981E71}.Debug|Any CPU.ActiveCfg = Debug|Any CPU
		{01277130-3859-4075-86EC-F35B62981E71}.Debug|Any CPU.Build.0 = Debug|Any CPU
		{01277130-3859-4075-86EC-F35B62981E71}.Release|Any CPU.ActiveCfg = Release|Any CPU
		{01277130-3859-4075-86EC-F35B62981E71}.Release|Any CPU.Build.0 = Release|Any CPU
	EndGlobalSection
	GlobalSection(SolutionProperties) = preSolution
		HideSolutionNode = FALSE
	EndGlobalSection
	GlobalSection(ExtensibilityGlobals) = postSolution
		SolutionGuid = {9AFAC4AE-990F-434A-8D0D-C6E9940A8AF0}
	EndGlobalSection
EndGlobal
